
Microsoft Visual Studio Solution File, Format Version 12.00
Project("{FAE04EC0-301F-11D3-BF4B-00C04F79EFBC}") = "Reflector", "Reflector\Reflector.csproj", "{03AE8AE3-D151-4BF0-AADC-542799869F77}"
EndProject
Project("{FAE04EC0-301F-11D3-BF4B-00C04F79EFBC}") = "ReflectorTests", "ReflectorTests\ReflectorTests.csproj", "{12975331-33F0-4E76-80D8-A1EC1C1A08BD}"
EndProject
Global
	GlobalSection(SolutionConfigurationPlatforms) = preSolution
		Debug|Any CPU = Debug|Any CPU
		Release|Any CPU = Release|Any CPU
	EndGlobalSection
	GlobalSection(ProjectConfigurationPlatforms) = postSolution
		{03AE8AE3-D151-4BF0-AADC-542799869F77}.Debug|Any CPU.ActiveCfg = Debug|Any CPU
		{03AE8AE3-D151-4BF0-AADC-542799869F77}.Debug|Any CPU.Build.0 = Debug|Any CPU
		{03AE8AE3-D151-4BF0-AADC-542799869F77}.Release|Any CPU.ActiveCfg = Release|Any CPU
		{03AE8AE3-D151-4BF0-AADC-542799869F77}.Release|Any CPU.Build.0 = Release|Any CPU
		{12975331-33F0-4E76-80D8-A1EC1C1A08BD}.Debug|Any CPU.ActiveCfg = Debug|Any CPU
		{12975331-33F0-4E76-80D8-A1EC1C1A08BD}.Debug|Any CPU.Build.0 = Debug|Any CPU
		{12975331-33F0-4E76-80D8-A1EC1C1A08BD}.Release|Any CPU.ActiveCfg = Release|Any CPU
		{12975331-33F0-4E76-80D8-A1EC1C1A08BD}.Release|Any CPU.Build.0 = Release|Any CPU
	EndGlobalSection
EndGlobal
