
Microsoft Visual Studio Solution File, Format Version 12.00
Project("{FAE04EC0-301F-11D3-BF4B-00C04F79EFBC}") = "ParallelMatrixMultiplication", "ParallelMatrixMultiplication\ParallelMatrixMultiplication.csproj", "{43D6ACB1-4FC0-48E9-A7BD-BA65C7504A95}"
EndProject
Project("{FAE04EC0-301F-11D3-BF4B-00C04F79EFBC}") = "Tests", "Tests\Tests.csproj", "{25D66CE8-989B-407A-AF52-6FC4236C2FBF}"
EndProject
Global
	GlobalSection(SolutionConfigurationPlatforms) = preSolution
		Debug|Any CPU = Debug|Any CPU
		Release|Any CPU = Release|Any CPU
	EndGlobalSection
	GlobalSection(ProjectConfigurationPlatforms) = postSolution
		{43D6ACB1-4FC0-48E9-A7BD-BA65C7504A95}.Debug|Any CPU.ActiveCfg = Debug|Any CPU
		{43D6ACB1-4FC0-48E9-A7BD-BA65C7504A95}.Debug|Any CPU.Build.0 = Debug|Any CPU
		{43D6ACB1-4FC0-48E9-A7BD-BA65C7504A95}.Release|Any CPU.ActiveCfg = Release|Any CPU
		{43D6ACB1-4FC0-48E9-A7BD-BA65C7504A95}.Release|Any CPU.Build.0 = Release|Any CPU
		{25D66CE8-989B-407A-AF52-6FC4236C2FBF}.Debug|Any CPU.ActiveCfg = Debug|Any CPU
		{25D66CE8-989B-407A-AF52-6FC4236C2FBF}.Debug|Any CPU.Build.0 = Debug|Any CPU
		{25D66CE8-989B-407A-AF52-6FC4236C2FBF}.Release|Any CPU.ActiveCfg = Release|Any CPU
		{25D66CE8-989B-407A-AF52-6FC4236C2FBF}.Release|Any CPU.Build.0 = Release|Any CPU
	EndGlobalSection
EndGlobal
