
Microsoft Visual Studio Solution File, Format Version 12.00
Project("{FAE04EC0-301F-11D3-BF4B-00C04F79EFBC}") = "ClientServerChat", "ClientServerChat\ClientServerChat.csproj", "{7DABB463-2449-49A9-9919-8B8E7B18EBA0}"
EndProject
Project("{FAE04EC0-301F-11D3-BF4B-00C04F79EFBC}") = "TestChat", "TestChat\TestChat.csproj", "{79FEB2C5-9010-4C81-9A0E-5686F7FD71C8}"
EndProject
Global
	GlobalSection(SolutionConfigurationPlatforms) = preSolution
		Debug|Any CPU = Debug|Any CPU
		Release|Any CPU = Release|Any CPU
	EndGlobalSection
	GlobalSection(ProjectConfigurationPlatforms) = postSolution
		{7DABB463-2449-49A9-9919-8B8E7B18EBA0}.Debug|Any CPU.ActiveCfg = Debug|Any CPU
		{7DABB463-2449-49A9-9919-8B8E7B18EBA0}.Debug|Any CPU.Build.0 = Debug|Any CPU
		{7DABB463-2449-49A9-9919-8B8E7B18EBA0}.Release|Any CPU.ActiveCfg = Release|Any CPU
		{7DABB463-2449-49A9-9919-8B8E7B18EBA0}.Release|Any CPU.Build.0 = Release|Any CPU
		{79FEB2C5-9010-4C81-9A0E-5686F7FD71C8}.Debug|Any CPU.ActiveCfg = Debug|Any CPU
		{79FEB2C5-9010-4C81-9A0E-5686F7FD71C8}.Debug|Any CPU.Build.0 = Debug|Any CPU
		{79FEB2C5-9010-4C81-9A0E-5686F7FD71C8}.Release|Any CPU.ActiveCfg = Release|Any CPU
		{79FEB2C5-9010-4C81-9A0E-5686F7FD71C8}.Release|Any CPU.Build.0 = Release|Any CPU
	EndGlobalSection
EndGlobal
